
Microsoft Visual Studio Solution File, Format Version 12.00
Project("{FAE04EC0-301F-11D3-BF4B-00C04F79EFBC}") = "ProjectRPS", "ProjectRPS\ProjectRPS.csproj", "{EFFBEBE9-4C39-4250-A5E2-E6B372A7D3B5}"
EndProject
Project("{FAE04EC0-301F-11D3-BF4B-00C04F79EFBC}") = "ProjectRPS.Test", "ProjectRPS.Test\ProjectRPS.Test.csproj", "{BF9EBE43-F18A-44DC-BBF6-D2496DC1506A}"
EndProject
Global
	GlobalSection(SolutionConfigurationPlatforms) = preSolution
		Debug|Any CPU = Debug|Any CPU
		Release|Any CPU = Release|Any CPU
	EndGlobalSection
	GlobalSection(ProjectConfigurationPlatforms) = postSolution
		{EFFBEBE9-4C39-4250-A5E2-E6B372A7D3B5}.Debug|Any CPU.ActiveCfg = Debug|Any CPU
		{EFFBEBE9-4C39-4250-A5E2-E6B372A7D3B5}.Debug|Any CPU.Build.0 = Debug|Any CPU
		{EFFBEBE9-4C39-4250-A5E2-E6B372A7D3B5}.Release|Any CPU.ActiveCfg = Release|Any CPU
		{EFFBEBE9-4C39-4250-A5E2-E6B372A7D3B5}.Release|Any CPU.Build.0 = Release|Any CPU
		{BF9EBE43-F18A-44DC-BBF6-D2496DC1506A}.Debug|Any CPU.ActiveCfg = Debug|Any CPU
		{BF9EBE43-F18A-44DC-BBF6-D2496DC1506A}.Debug|Any CPU.Build.0 = Debug|Any CPU
		{BF9EBE43-F18A-44DC-BBF6-D2496DC1506A}.Release|Any CPU.ActiveCfg = Release|Any CPU
		{BF9EBE43-F18A-44DC-BBF6-D2496DC1506A}.Release|Any CPU.Build.0 = Release|Any CPU
	EndGlobalSection
EndGlobal
